# THIS IS AN AUTOGENERATED FILE. DO NOT EDIT THIS FILE DIRECTLY.
# yarn lockfile v1


"@altv/types-client@^1.9.9":
  version "1.9.9"
  resolved "https://registry.yarnpkg.com/@altv/types-client/-/types-client-1.9.9.tgz#9c272135577f2c5e134419588d53ba303709414a"
  integrity sha512-9cTBQnvcMzIi5+jX7heHruu85R7gru1nmQj75aorJt5sTVR4bH3zwXH688F+EOf0hE9EuuYVV2uwR23rqjg/fQ==

"@altv/types-natives@^1.4.4":
  version "1.4.4"
  resolved "https://registry.yarnpkg.com/@altv/types-natives/-/types-natives-1.4.4.tgz#d71aaf45eb5b1060dd6993ef010bdc1734294a73"
  integrity sha512-qcIPhpRAhGnErtf3p1iVGL6CIUJWc1IdYJl6K9T5c7W8Nd9RM2cv4JIyQg3TTXLiu+1gAZlkD8KyYKIfs5BqnQ==

"@altv/types-server@^2.1.7":
  version "2.1.9"
  resolved "https://registry.yarnpkg.com/@altv/types-server/-/types-server-2.1.9.tgz#c379239b04249b8ca4882cfc115a9bb9db88b0f0"
  integrity sha512-AxRKVAbnEWkPAPH5Lk4NXPk89dCWBIk1MWyU060SW+7QvK2S/qNWTEAe38Iql8n10/qfthkwQkE+UCn9ZM9a+w==

"@altv/types-shared@^1.1.2":
  version "1.1.3"
  resolved "https://registry.yarnpkg.com/@altv/types-shared/-/types-shared-1.1.3.tgz#069c51dd644158ec2224237739ed6e81cc805e2b"
  integrity sha512-CWwWW4A4X5TVGdfdHkEDEB9wJ3F555hCCjxn0BHzj9fNo3o5kwLaGIvsmOcbt/mvGuSsBRRmTZpQBs8C5iBEMA==

"@altv/types-webview@^1.0.2":
  version "1.0.2"
  resolved "https://registry.npmjs.org/@altv/types-webview/-/types-webview-1.0.2.tgz"
  integrity sha512-3RceTutIDS/XV8YUn/AiSe61BERBb6LfCCQxIcN5bvlh26lPXC0naxtQTcG39pSgj8a5iiVT8LaRNdEZP6JBcA==

data-uri-to-buffer@^4.0.0:
  version "4.0.0"
  resolved "https://registry.npmjs.org/data-uri-to-buffer/-/data-uri-to-buffer-4.0.0.tgz"
  integrity sha512-Vr3mLBA8qWmcuschSLAOogKgQ/Jwxulv3RNE4FXnYWRGujzrRWQI4m12fQqRkwX06C0KanhLr4hK+GydchZsaA==

debug@^4.1.1:
  version "4.3.2"
  resolved "https://registry.npmjs.org/debug/-/debug-4.3.2.tgz"
  integrity sha512-mOp8wKcvj7XxC78zLgw/ZA+6TSgkoE2C/ienthhRD298T7UNwAg9diBpLRxC0mOezLl4B0xV7M0cCO6P/O0Xhw==
  dependencies:
    ms "2.1.2"

fetch-blob@^3.1.2:
  version "3.1.3"
  resolved "https://registry.npmjs.org/fetch-blob/-/fetch-blob-3.1.3.tgz"
  integrity sha512-ax1Y5I9w+9+JiM+wdHkhBoxew+zG4AJ2SvAD1v1szpddUIiPERVGBxrMcB2ZqW0Y3PP8bOWYv2zqQq1Jp2kqUQ==
  dependencies:
    web-streams-polyfill "^3.0.3"

formdata-polyfill@^4.0.10:
  version "4.0.10"
  resolved "https://registry.npmjs.org/formdata-polyfill/-/formdata-polyfill-4.0.10.tgz"
  integrity sha512-buewHzMvYL29jdeQTVILecSaZKnt/RJWjoZCF5OW60Z67/GmSLBkOFM7qh1PI3zFNtJbaZL5eQu1vLfazOwj4g==
  dependencies:
    fetch-blob "^3.1.2"

husky@^7.0.4:
  version "7.0.4"
  resolved "https://registry.yarnpkg.com/husky/-/husky-7.0.4.tgz#242048245dc49c8fb1bf0cc7cfb98dd722531535"
  integrity sha512-vbaCKN2QLtP/vD4yvs6iz6hBEo6wkSzs8HpRah1Z6aGmF2KW5PdYuAd7uX5a+OyBZHBhd+TFLqgjUgytQr4RvQ==

i18n@^0.13.3:
  version "0.13.3"
  resolved "https://registry.npmjs.org/i18n/-/i18n-0.13.3.tgz"
  integrity sha512-QDmY2joBdKxj3wvk2LKyvZkjwGHta882kYHwEvx1WbwiPAet49kEU7cxzGfnrtWrfh4+7I07kBc0ZSjSlhnKyQ==
  dependencies:
    debug "^4.1.1"
    make-plural "^6.2.2"
    math-interval-parser "^2.0.1"
    messageformat "^2.3.0"
    mustache "^4.0.1"
    sprintf-js "^1.1.2"

make-plural@^4.3.0:
  version "4.3.0"
  resolved "https://registry.npmjs.org/make-plural/-/make-plural-4.3.0.tgz"
  integrity sha512-xTYd4JVHpSCW+aqDof6w/MebaMVNTVYBZhbB/vi513xXdiPT92JMVCo0Jq8W2UZnzYRFeVbQiQ+I25l13JuKvA==
  optionalDependencies:
    minimist "^1.2.0"

make-plural@^6.2.2:
  version "6.2.2"
  resolved "https://registry.npmjs.org/make-plural/-/make-plural-6.2.2.tgz"
  integrity sha512-8iTuFioatnTTmb/YJjywkVIHLjcwkFD9Ms0JpxjEm9Mo8eQYkh1z+55dwv4yc1jQ8ftVBxWQbihvZL1DfzGGWA==

math-interval-parser@^2.0.1:
  version "2.0.1"
  resolved "https://registry.npmjs.org/math-interval-parser/-/math-interval-parser-2.0.1.tgz"
  integrity sha512-VmlAmb0UJwlvMyx8iPhXUDnVW1F9IrGEd9CIOmv+XL8AErCUUuozoDMrgImvnYt2A+53qVX/tPW6YJurMKYsvA==

messageformat-formatters@^2.0.1:
  version "2.0.1"
  resolved "https://registry.npmjs.org/messageformat-formatters/-/messageformat-formatters-2.0.1.tgz"
  integrity sha512-E/lQRXhtHwGuiQjI7qxkLp8AHbMD5r2217XNe/SREbBlSawe0lOqsFb7rflZJmlQFSULNLIqlcjjsCPlB3m3Mg==

messageformat-parser@^4.1.2:
  version "4.1.3"
  resolved "https://registry.npmjs.org/messageformat-parser/-/messageformat-parser-4.1.3.tgz"
  integrity sha512-2fU3XDCanRqeOCkn7R5zW5VQHWf+T3hH65SzuqRvjatBK7r4uyFa5mEX+k6F9Bd04LVM5G4/BHBTUJsOdW7uyg==

messageformat@^2.3.0:
  version "2.3.0"
  resolved "https://registry.npmjs.org/messageformat/-/messageformat-2.3.0.tgz"
  integrity sha512-uTzvsv0lTeQxYI2y1NPa1lItL5VRI8Gb93Y2K2ue5gBPyrbJxfDi/EYWxh2PKv5yO42AJeeqblS9MJSh/IEk4w==
  dependencies:
    make-plural "^4.3.0"
    messageformat-formatters "^2.0.1"
    messageformat-parser "^4.1.2"

minimist@^1.2.0:
  version "1.2.5"
  resolved "https://registry.npmjs.org/minimist/-/minimist-1.2.5.tgz"
  integrity sha512-FM9nNUYrRBAELZQT3xeZQ7fmMOBg6nWNmJKTcgsJeaLstP/UODVpGsr5OhXhhXg6f+qtJ8uiZ+PUxkDWcgIXLw==

ms@2.1.2:
  version "2.1.2"
  resolved "https://registry.npmjs.org/ms/-/ms-2.1.2.tgz"
  integrity sha512-sGkPx+VjMtmA6MX27oA4FBFELFCZZ4S4XqeGOXCv68tT+jb3vk/RyaKWP0PTKyWtmLSM0b+adUTEvbs1PEaH2w==

mustache@^4.0.1:
  version "4.2.0"
  resolved "https://registry.npmjs.org/mustache/-/mustache-4.2.0.tgz"
  integrity sha512-71ippSywq5Yb7/tVYyGbkBggbU8H3u5Rz56fH60jGFgr8uHwxs+aSKeqmluIVzM0m0kB7xQjKS6qPfd0b2ZoqQ==

node-fetch@^3.1.0:
  version "3.1.0"
  resolved "https://registry.npmjs.org/node-fetch/-/node-fetch-3.1.0.tgz"
  integrity sha512-QU0WbIfMUjd5+MUzQOYhenAazakV7Irh1SGkWCsRzBwvm4fAhzEUaHMJ6QLP7gWT6WO9/oH2zhKMMGMuIrDyKw==
  dependencies:
    data-uri-to-buffer "^4.0.0"
    fetch-blob "^3.1.2"
    formdata-polyfill "^4.0.10"

prettier@2.5.1:
  version "2.5.1"
  resolved "https://registry.yarnpkg.com/prettier/-/prettier-2.5.1.tgz#fff75fa9d519c54cf0fce328c1017d94546bc56a"
  integrity sha512-vBZcPRUR5MZJwoyi3ZoyQlc1rXeEck8KgeC9AwwOn+exuxLxq5toTRDTSaVrXHxelDMHy9zlicw8u66yxoSUFg==

sjcl@^1.0.8:
  version "1.0.8"
  resolved "https://registry.npmjs.org/sjcl/-/sjcl-1.0.8.tgz"
  integrity sha512-LzIjEQ0S0DpIgnxMEayM1rq9aGwGRG4OnZhCdjx7glTaJtf4zRfpg87ImfjSJjoW9vKpagd82McDOwbRT5kQKQ==

sprintf-js@^1.1.2:
  version "1.1.2"
  resolved "https://registry.npmjs.org/sprintf-js/-/sprintf-js-1.1.2.tgz"
  integrity sha512-VE0SOVEHCk7Qc8ulkWw3ntAzXuqf7S2lvwQaDLRnUeIEaKNQJzV6BwmLKhOqT61aGhfUMrXeaBk+oDGCzvhcug==

uuid@^8.3.2:
  version "8.3.2"
  resolved "https://registry.yarnpkg.com/uuid/-/uuid-8.3.2.tgz#80d5b5ced271bb9af6c445f21a1a04c606cefbe2"
  integrity sha512-+NYs2QeMWy+GWFOEm9xnn6HCDp0l7QBD7ml8zLUmJ+93Q5NF0NocErnwkTkXVFNiX3/fpC6afS8Dhb/gz7R7eg==

web-streams-polyfill@^3.0.3:
  version "3.2.0"
  resolved "https://registry.npmjs.org/web-streams-polyfill/-/web-streams-polyfill-3.2.0.tgz"
  integrity sha512-EqPmREeOzttaLRm5HS7io98goBgZ7IVz79aDvqjD0kYXLtFZTc0T/U6wHTPKyIjb+MdN7DFIIX6hgdBEpWmfPA==
